
Microsoft Visual Studio Solution File, Format Version 12.00
# Visual Studio Version 17
VisualStudioVersion = 17.13.35931.197
MinimumVisualStudioVersion = 10.0.40219.1
Project("{9A19103F-16F7-4668-BE54-9A1E7A4F7556}") = "Missing_Middle_Student.API", "Missing_Middle_Student.API\Missing_Middle_Student.API.csproj", "{AC89D424-8882-44FE-B4E2-A0CDA1E93778}"
EndProject
Project("{9A19103F-16F7-4668-BE54-9A1E7A4F7556}") = "Missing_Middle_Student.Model", "Missing_Middle_Student.Model\Missing_Middle_Student.Model.csproj", "{98B4F31B-98D9-431D-B000-D6F3F3214A2F}"
EndProject
Project("{9A19103F-16F7-4668-BE54-9A1E7A4F7556}") = "Missing_Middle_Student.Services", "Missing_Middle_Student.Services\Missing_Middle_Student.Services.csproj", "{A4814F2B-F67F-4CFB-B260-54FAB4BDAE6D}"
EndProject
Global
	GlobalSection(SolutionConfigurationPlatforms) = preSolution
		Debug|Any CPU = Debug|Any CPU
		Release|Any CPU = Release|Any CPU
	EndGlobalSection
	GlobalSection(ProjectConfigurationPlatforms) = postSolution
		{AC89D424-8882-44FE-B4E2-A0CDA1E93778}.Debug|Any CPU.ActiveCfg = Debug|Any CPU
		{AC89D424-8882-44FE-B4E2-A0CDA1E93778}.Debug|Any CPU.Build.0 = Debug|Any CPU
		{AC89D424-8882-44FE-B4E2-A0CDA1E93778}.Release|Any CPU.ActiveCfg = Release|Any CPU
		{AC89D424-8882-44FE-B4E2-A0CDA1E93778}.Release|Any CPU.Build.0 = Release|Any CPU
		{98B4F31B-98D9-431D-B000-D6F3F3214A2F}.Debug|Any CPU.ActiveCfg = Debug|Any CPU
		{98B4F31B-98D9-431D-B000-D6F3F3214A2F}.Debug|Any CPU.Build.0 = Debug|Any CPU
		{98B4F31B-98D9-431D-B000-D6F3F3214A2F}.Release|Any CPU.ActiveCfg = Release|Any CPU
		{98B4F31B-98D9-431D-B000-D6F3F3214A2F}.Release|Any CPU.Build.0 = Release|Any CPU
		{A4814F2B-F67F-4CFB-B260-54FAB4BDAE6D}.Debug|Any CPU.ActiveCfg = Debug|Any CPU
		{A4814F2B-F67F-4CFB-B260-54FAB4BDAE6D}.Debug|Any CPU.Build.0 = Debug|Any CPU
		{A4814F2B-F67F-4CFB-B260-54FAB4BDAE6D}.Release|Any CPU.ActiveCfg = Release|Any CPU
		{A4814F2B-F67F-4CFB-B260-54FAB4BDAE6D}.Release|Any CPU.Build.0 = Release|Any CPU
	EndGlobalSection
	GlobalSection(SolutionProperties) = preSolution
		HideSolutionNode = FALSE
	EndGlobalSection
	GlobalSection(ExtensibilityGlobals) = postSolution
		SolutionGuid = {B9AFA331-4E08-437D-90D2-6987F64875F5}
	EndGlobalSection
EndGlobal
